
Microsoft Visual Studio Solution File, Format Version 12.00
# Visual Studio Version 16
VisualStudioVersion = 16.0.34114.132
MinimumVisualStudioVersion = 10.0.40219.1
Project("{FAE04EC0-301F-11D3-BF4B-00C04F79EFBC}") = "Project1", "Project1\Project1.csproj", "{CD94C4F6-A7A3-4951-9FA9-640C7DD8EC02}"
EndProject
Global
	GlobalSection(SolutionConfigurationPlatforms) = preSolution
		Debug|Any CPU = Debug|Any CPU
		Release|Any CPU = Release|Any CPU
	EndGlobalSection
	GlobalSection(ProjectConfigurationPlatforms) = postSolution
		{CD94C4F6-A7A3-4951-9FA9-640C7DD8EC02}.Debug|Any CPU.ActiveCfg = Debug|Any CPU
		{CD94C4F6-A7A3-4951-9FA9-640C7DD8EC02}.Debug|Any CPU.Build.0 = Debug|Any CPU
		{CD94C4F6-A7A3-4951-9FA9-640C7DD8EC02}.Release|Any CPU.ActiveCfg = Release|Any CPU
		{CD94C4F6-A7A3-4951-9FA9-640C7DD8EC02}.Release|Any CPU.Build.0 = Release|Any CPU
	EndGlobalSection
	GlobalSection(SolutionProperties) = preSolution
		HideSolutionNode = FALSE
	EndGlobalSection
	GlobalSection(ExtensibilityGlobals) = postSolution
		SolutionGuid = {38ED925B-1B8D-4587-A339-3C55F99F76CB}
	EndGlobalSection
EndGlobal
